{
  "name": "concurrentlib",
  "version": "2.0.0",
  "lockfileVersion": 3,
  "requires": true,
  "packages": {
    "": {
      "name": "concurrentlib",
      "version": "2.0.0",
      "license": "MIT",
      "dependencies": {
        "concurrentlib": "^2.0.0"
      }
    },
    "node_modules/concurrentlib": {
      "version": "2.0.0",
      "resolved": "https://registry.npmjs.org/concurrentlib/-/concurrentlib-2.0.0.tgz",
      "integrity": "sha512-ppAWZuM1VHT+rbrMKG+HSZJaPMO7laO90WzmNU8jJvrD3BZ5X51HDHKMyi5jgXC72MFGw9yTkyhBNj2rrv7oag=="
    }
  }
}
